
Microsoft Visual Studio Solution File, Format Version 12.00
# Visual Studio Version 17
VisualStudioVersion = 17.0.32014.148
MinimumVisualStudioVersion = 10.0.40219.1
Project("{8BC9CEB8-8B4A-11D0-8D11-00A0C91BC942}") = "SumofRange", "SumofRange.vcxproj", "{B8217CDD-0AC7-4F95-95E9-3113D44C8319}"
EndProject
Global
	GlobalSection(SolutionConfigurationPlatforms) = preSolution
		Debug|x64 = Debug|x64
		Debug|x86 = Debug|x86
		Release|x64 = Release|x64
		Release|x86 = Release|x86
	EndGlobalSection
	GlobalSection(ProjectConfigurationPlatforms) = postSolution
		{B8217CDD-0AC7-4F95-95E9-3113D44C8319}.Debug|x64.ActiveCfg = Debug|x64
		{B8217CDD-0AC7-4F95-95E9-3113D44C8319}.Debug|x64.Build.0 = Debug|x64
		{B8217CDD-0AC7-4F95-95E9-3113D44C8319}.Debug|x86.ActiveCfg = Debug|Win32
		{B8217CDD-0AC7-4F95-95E9-3113D44C8319}.Debug|x86.Build.0 = Debug|Win32
		{B8217CDD-0AC7-4F95-95E9-3113D44C8319}.Release|x64.ActiveCfg = Release|x64
		{B8217CDD-0AC7-4F95-95E9-3113D44C8319}.Release|x64.Build.0 = Release|x64
		{B8217CDD-0AC7-4F95-95E9-3113D44C8319}.Release|x86.ActiveCfg = Release|Win32
		{B8217CDD-0AC7-4F95-95E9-3113D44C8319}.Release|x86.Build.0 = Release|Win32
	EndGlobalSection
	GlobalSection(SolutionProperties) = preSolution
		HideSolutionNode = FALSE
	EndGlobalSection
	GlobalSection(ExtensibilityGlobals) = postSolution
		SolutionGuid = {A926E1C1-FAB0-456D-84B1-076E3AC1D35E}
	EndGlobalSection
EndGlobal
